
Microsoft Visual Studio Solution File, Format Version 12.00
# Visual Studio 15
VisualStudioVersion = 15.0.26730.16
MinimumVisualStudioVersion = 10.0.40219.1
Project("{FAE04EC0-301F-11D3-BF4B-00C04F79EFBC}") = "WebApplication", "WebApplication\WebApplication.csproj", "{901BF220-3C2C-4C51-959A-03824CF29D21}"
EndProject
Project("{FAE04EC0-301F-11D3-BF4B-00C04F79EFBC}") = "WebApplication.Tests", "WebApplication.Tests\WebApplication.Tests.csproj", "{62FBCB2F-7DED-4631-8B28-A979DB6980F5}"
EndProject
Project("{FAE04EC0-301F-11D3-BF4B-00C04F79EFBC}") = "DAL", "DAL\DAL.csproj", "{265A7127-8FDB-4E50-A5A9-5AE3E321115B}"
EndProject
Global
	GlobalSection(SolutionConfigurationPlatforms) = preSolution
		Debug|Any CPU = Debug|Any CPU
		Release|Any CPU = Release|Any CPU
	EndGlobalSection
	GlobalSection(ProjectConfigurationPlatforms) = postSolution
		{901BF220-3C2C-4C51-959A-03824CF29D21}.Debug|Any CPU.ActiveCfg = Debug|Any CPU
		{901BF220-3C2C-4C51-959A-03824CF29D21}.Debug|Any CPU.Build.0 = Debug|Any CPU
		{901BF220-3C2C-4C51-959A-03824CF29D21}.Release|Any CPU.ActiveCfg = Release|Any CPU
		{901BF220-3C2C-4C51-959A-03824CF29D21}.Release|Any CPU.Build.0 = Release|Any CPU
		{62FBCB2F-7DED-4631-8B28-A979DB6980F5}.Debug|Any CPU.ActiveCfg = Debug|Any CPU
		{62FBCB2F-7DED-4631-8B28-A979DB6980F5}.Debug|Any CPU.Build.0 = Debug|Any CPU
		{62FBCB2F-7DED-4631-8B28-A979DB6980F5}.Release|Any CPU.ActiveCfg = Release|Any CPU
		{62FBCB2F-7DED-4631-8B28-A979DB6980F5}.Release|Any CPU.Build.0 = Release|Any CPU
		{265A7127-8FDB-4E50-A5A9-5AE3E321115B}.Debug|Any CPU.ActiveCfg = Debug|Any CPU
		{265A7127-8FDB-4E50-A5A9-5AE3E321115B}.Debug|Any CPU.Build.0 = Debug|Any CPU
		{265A7127-8FDB-4E50-A5A9-5AE3E321115B}.Release|Any CPU.ActiveCfg = Release|Any CPU
		{265A7127-8FDB-4E50-A5A9-5AE3E321115B}.Release|Any CPU.Build.0 = Release|Any CPU
	EndGlobalSection
	GlobalSection(SolutionProperties) = preSolution
		HideSolutionNode = FALSE
	EndGlobalSection
	GlobalSection(ExtensibilityGlobals) = postSolution
		SolutionGuid = {F1D2D307-9284-48FF-8483-7DD604E360A0}
	EndGlobalSection
EndGlobal
